
Microsoft Visual Studio Solution File, Format Version 12.00
# Visual Studio Version 17
VisualStudioVersion = 17.8.34004.107
MinimumVisualStudioVersion = 10.0.40219.1
Project("{9A19103F-16F7-4668-BE54-9A1E7A4F7556}") = "RabbitMQ.publisher", "RabbitMQ.publisher\RabbitMQ.publisher.csproj", "{9932E79E-C998-4A3A-9226-6A4AD025645A}"
EndProject
Project("{9A19103F-16F7-4668-BE54-9A1E7A4F7556}") = "RabbitMQ.subscriber", "RabbitMQ.subscriber\RabbitMQ.subscriber.csproj", "{1C85F35F-9A9F-49A0-90C6-C24FDB033210}"
EndProject
Project("{9A19103F-16F7-4668-BE54-9A1E7A4F7556}") = "RabbitMQ,TopicSubcsriber", "RabbitMQ,TopicSubcsriber\RabbitMQ,TopicSubcsriber.csproj", "{B96CFACC-E625-4221-B297-B51AD43029D3}"
EndProject
Project("{FAE04EC0-301F-11D3-BF4B-00C04F79EFBC}") = "RabbitMQ.HeaderPublisher", "RabbitMQ.HeaderPublisher\RabbitMQ.HeaderPublisher.csproj", "{CEBE179E-4154-4C66-82F3-64F72C0262E8}"
EndProject
Project("{FAE04EC0-301F-11D3-BF4B-00C04F79EFBC}") = "RabbitMQ.HeaderSubscriber", "RabbitMQ.HeaderSubscriber\RabbitMQ.HeaderSubscriber.csproj", "{0BDC44C2-822D-4EE1-8325-2A1561F7F356}"
EndProject
Project("{FAE04EC0-301F-11D3-BF4B-00C04F79EFBC}") = "Shared", "Shared\Shared.csproj", "{08024CA4-0795-4152-BF0B-1D8390743432}"
EndProject
Project("{FAE04EC0-301F-11D3-BF4B-00C04F79EFBC}") = "RabbitMQ.ComplexTypePublisher", "RabbitMQ.ComplexTypePublisher\RabbitMQ.ComplexTypePublisher.csproj", "{A391B67C-E6C2-4C48-B788-5E9BBBB9B811}"
EndProject
Project("{FAE04EC0-301F-11D3-BF4B-00C04F79EFBC}") = "RabbitMQ.ComplexTypeSubscriber", "RabbitMQ.ComplexTypeSubscriber\RabbitMQ.ComplexTypeSubscriber.csproj", "{27E53D51-D492-4356-A782-29453CC8BC76}"
EndProject
Global
	GlobalSection(SolutionConfigurationPlatforms) = preSolution
		Debug|Any CPU = Debug|Any CPU
		Release|Any CPU = Release|Any CPU
	EndGlobalSection
	GlobalSection(ProjectConfigurationPlatforms) = postSolution
		{9932E79E-C998-4A3A-9226-6A4AD025645A}.Debug|Any CPU.ActiveCfg = Debug|Any CPU
		{9932E79E-C998-4A3A-9226-6A4AD025645A}.Debug|Any CPU.Build.0 = Debug|Any CPU
		{9932E79E-C998-4A3A-9226-6A4AD025645A}.Release|Any CPU.ActiveCfg = Release|Any CPU
		{9932E79E-C998-4A3A-9226-6A4AD025645A}.Release|Any CPU.Build.0 = Release|Any CPU
		{1C85F35F-9A9F-49A0-90C6-C24FDB033210}.Debug|Any CPU.ActiveCfg = Debug|Any CPU
		{1C85F35F-9A9F-49A0-90C6-C24FDB033210}.Debug|Any CPU.Build.0 = Debug|Any CPU
		{1C85F35F-9A9F-49A0-90C6-C24FDB033210}.Release|Any CPU.ActiveCfg = Release|Any CPU
		{1C85F35F-9A9F-49A0-90C6-C24FDB033210}.Release|Any CPU.Build.0 = Release|Any CPU
		{B96CFACC-E625-4221-B297-B51AD43029D3}.Debug|Any CPU.ActiveCfg = Debug|Any CPU
		{B96CFACC-E625-4221-B297-B51AD43029D3}.Debug|Any CPU.Build.0 = Debug|Any CPU
		{B96CFACC-E625-4221-B297-B51AD43029D3}.Release|Any CPU.ActiveCfg = Release|Any CPU
		{B96CFACC-E625-4221-B297-B51AD43029D3}.Release|Any CPU.Build.0 = Release|Any CPU
		{CEBE179E-4154-4C66-82F3-64F72C0262E8}.Debug|Any CPU.ActiveCfg = Debug|Any CPU
		{CEBE179E-4154-4C66-82F3-64F72C0262E8}.Debug|Any CPU.Build.0 = Debug|Any CPU
		{CEBE179E-4154-4C66-82F3-64F72C0262E8}.Release|Any CPU.ActiveCfg = Release|Any CPU
		{CEBE179E-4154-4C66-82F3-64F72C0262E8}.Release|Any CPU.Build.0 = Release|Any CPU
		{0BDC44C2-822D-4EE1-8325-2A1561F7F356}.Debug|Any CPU.ActiveCfg = Debug|Any CPU
		{0BDC44C2-822D-4EE1-8325-2A1561F7F356}.Debug|Any CPU.Build.0 = Debug|Any CPU
		{0BDC44C2-822D-4EE1-8325-2A1561F7F356}.Release|Any CPU.ActiveCfg = Release|Any CPU
		{0BDC44C2-822D-4EE1-8325-2A1561F7F356}.Release|Any CPU.Build.0 = Release|Any CPU
		{08024CA4-0795-4152-BF0B-1D8390743432}.Debug|Any CPU.ActiveCfg = Debug|Any CPU
		{08024CA4-0795-4152-BF0B-1D8390743432}.Debug|Any CPU.Build.0 = Debug|Any CPU
		{08024CA4-0795-4152-BF0B-1D8390743432}.Release|Any CPU.ActiveCfg = Release|Any CPU
		{08024CA4-0795-4152-BF0B-1D8390743432}.Release|Any CPU.Build.0 = Release|Any CPU
		{A391B67C-E6C2-4C48-B788-5E9BBBB9B811}.Debug|Any CPU.ActiveCfg = Debug|Any CPU
		{A391B67C-E6C2-4C48-B788-5E9BBBB9B811}.Debug|Any CPU.Build.0 = Debug|Any CPU
		{A391B67C-E6C2-4C48-B788-5E9BBBB9B811}.Release|Any CPU.ActiveCfg = Release|Any CPU
		{A391B67C-E6C2-4C48-B788-5E9BBBB9B811}.Release|Any CPU.Build.0 = Release|Any CPU
		{27E53D51-D492-4356-A782-29453CC8BC76}.Debug|Any CPU.ActiveCfg = Debug|Any CPU
		{27E53D51-D492-4356-A782-29453CC8BC76}.Debug|Any CPU.Build.0 = Debug|Any CPU
		{27E53D51-D492-4356-A782-29453CC8BC76}.Release|Any CPU.ActiveCfg = Release|Any CPU
		{27E53D51-D492-4356-A782-29453CC8BC76}.Release|Any CPU.Build.0 = Release|Any CPU
	EndGlobalSection
	GlobalSection(SolutionProperties) = preSolution
		HideSolutionNode = FALSE
	EndGlobalSection
	GlobalSection(ExtensibilityGlobals) = postSolution
		SolutionGuid = {BB30A224-ECCB-456C-A4A0-54BA591BB09E}
	EndGlobalSection
EndGlobal
