
Microsoft Visual Studio Solution File, Format Version 12.00
# Visual Studio Version 17
VisualStudioVersion = 17.8.34004.107
MinimumVisualStudioVersion = 10.0.40219.1
Project("{9A19103F-16F7-4668-BE54-9A1E7A4F7556}") = "RabbitMQ.publisher", "RabbitMQ.publisher\RabbitMQ.publisher.csproj", "{9932E79E-C998-4A3A-9226-6A4AD025645A}"
EndProject
Project("{9A19103F-16F7-4668-BE54-9A1E7A4F7556}") = "RabbitMQ.subscriber", "RabbitMQ.subscriber\RabbitMQ.subscriber.csproj", "{1C85F35F-9A9F-49A0-90C6-C24FDB033210}"
EndProject
Project("{9A19103F-16F7-4668-BE54-9A1E7A4F7556}") = "RabbitMQ,TopicSubcsriber", "RabbitMQ,TopicSubcsriber\RabbitMQ,TopicSubcsriber.csproj", "{B96CFACC-E625-4221-B297-B51AD43029D3}"
EndProject
Project("{9A19103F-16F7-4668-BE54-9A1E7A4F7556}") = "RabbitMQ.HeaderPublisher", "RabbitMQ.HeaderPublisher\RabbitMQ.HeaderPublisher.csproj", "{CEBE179E-4154-4C66-82F3-64F72C0262E8}"
EndProject
Project("{9A19103F-16F7-4668-BE54-9A1E7A4F7556}") = "RabbitMQ.HeaderSubscriber", "RabbitMQ.HeaderSubscriber\RabbitMQ.HeaderSubscriber.csproj", "{0BDC44C2-822D-4EE1-8325-2A1561F7F356}"
EndProject
Project("{9A19103F-16F7-4668-BE54-9A1E7A4F7556}") = "Shared", "Shared\Shared.csproj", "{08024CA4-0795-4152-BF0B-1D8390743432}"
EndProject
Project("{9A19103F-16F7-4668-BE54-9A1E7A4F7556}") = "RabbitMQ.ComplexTypePublisher", "RabbitMQ.ComplexTypePublisher\RabbitMQ.ComplexTypePublisher.csproj", "{A391B67C-E6C2-4C48-B788-5E9BBBB9B811}"
EndProject
Project("{9A19103F-16F7-4668-BE54-9A1E7A4F7556}") = "RabbitMQ.ComplexTypeSubscriber", "RabbitMQ.ComplexTypeSubscriber\RabbitMQ.ComplexTypeSubscriber.csproj", "{27E53D51-D492-4356-A782-29453CC8BC76}"
EndProject
Project("{2150E333-8FDC-42A3-9474-1A3956D46DE8}") = "ImageWatermark", "ImageWatermark", "{1A702DA9-65E5-419D-8256-6F27CDB8AFA2}"
EndProject
Project("{9A19103F-16F7-4668-BE54-9A1E7A4F7556}") = "RabbitMQWeb.Watermark", "RabbitMQWeb.Watermark\RabbitMQWeb.Watermark.csproj", "{AE81D059-CB0D-4634-B5E3-A8C981157F20}"
EndProject
Project("{2150E333-8FDC-42A3-9474-1A3956D46DE8}") = "ExcelCreate", "ExcelCreate", "{9EFD19A0-069C-4D7E-8C9C-7BA286D4D39F}"
EndProject
Project("{9A19103F-16F7-4668-BE54-9A1E7A4F7556}") = "RabbitMQWeb.ExcelCreate", "RabbitMQWeb.ExcelCreate\RabbitMQWeb.ExcelCreate.csproj", "{7A22775A-BEAE-468C-9DD1-D8753A4FBFE1}"
EndProject
Project("{9A19103F-16F7-4668-BE54-9A1E7A4F7556}") = "FileCreateWorkerService", "ExcelCreate\FileCreateWorkerService\FileCreateWorkerService.csproj", "{54298F31-9BFD-460A-90D9-D3CD84DA31F4}"
EndProject
Project("{2150E333-8FDC-42A3-9474-1A3956D46DE8}") = "RabbitMQ.Tekrar", "RabbitMQ.Tekrar", "{A9A1ABA2-36CD-45F3-904A-E9AA2067780A}"
EndProject
Project("{9A19103F-16F7-4668-BE54-9A1E7A4F7556}") = "RabbitMQ.publisher", "RabbitMQ.Tekrar\RabbitMQ.publisher\RabbitMQ.publisher.csproj", "{0163A8A4-FD7C-4943-B47D-72DB77F19F24}"
EndProject
Project("{2150E333-8FDC-42A3-9474-1A3956D46DE8}") = "NoExchange", "NoExchange", "{5FDB6314-9B65-489F-8054-A9120C01B558}"
EndProject
Project("{9A19103F-16F7-4668-BE54-9A1E7A4F7556}") = "RabbitMQ.subscriber", "RabbitMQ.Tekrar\NoExchange\RabbitMQ.subscriber\RabbitMQ.subscriber.csproj", "{E37B8E88-825C-46A5-AA63-FA26625F1366}"
EndProject
Project("{2150E333-8FDC-42A3-9474-1A3956D46DE8}") = "FanoutExchange", "FanoutExchange", "{228A4AA7-691F-42C7-94FD-009C3EAABE1E}"
EndProject
Project("{FAE04EC0-301F-11D3-BF4B-00C04F79EFBC}") = "RabbitMQ.publisher", "RabbitMQ.Tekrar\FanoutExchange\RabbitMQ.publisher\RabbitMQ.publisher.csproj", "{84E09413-ED31-449D-85D5-08A9EC2935FA}"
EndProject
Project("{FAE04EC0-301F-11D3-BF4B-00C04F79EFBC}") = "RabbitMQ.subscriber", "RabbitMQ.Tekrar\FanoutExchange\RabbitMQ.subscriber\RabbitMQ.subscriber.csproj", "{42CEFC3D-CDEF-47D6-949A-4053DE1DE164}"
EndProject
Global
	GlobalSection(SolutionConfigurationPlatforms) = preSolution
		Debug|Any CPU = Debug|Any CPU
		Release|Any CPU = Release|Any CPU
	EndGlobalSection
	GlobalSection(ProjectConfigurationPlatforms) = postSolution
		{9932E79E-C998-4A3A-9226-6A4AD025645A}.Debug|Any CPU.ActiveCfg = Debug|Any CPU
		{9932E79E-C998-4A3A-9226-6A4AD025645A}.Debug|Any CPU.Build.0 = Debug|Any CPU
		{9932E79E-C998-4A3A-9226-6A4AD025645A}.Release|Any CPU.ActiveCfg = Release|Any CPU
		{9932E79E-C998-4A3A-9226-6A4AD025645A}.Release|Any CPU.Build.0 = Release|Any CPU
		{1C85F35F-9A9F-49A0-90C6-C24FDB033210}.Debug|Any CPU.ActiveCfg = Debug|Any CPU
		{1C85F35F-9A9F-49A0-90C6-C24FDB033210}.Debug|Any CPU.Build.0 = Debug|Any CPU
		{1C85F35F-9A9F-49A0-90C6-C24FDB033210}.Release|Any CPU.ActiveCfg = Release|Any CPU
		{1C85F35F-9A9F-49A0-90C6-C24FDB033210}.Release|Any CPU.Build.0 = Release|Any CPU
		{B96CFACC-E625-4221-B297-B51AD43029D3}.Debug|Any CPU.ActiveCfg = Debug|Any CPU
		{B96CFACC-E625-4221-B297-B51AD43029D3}.Debug|Any CPU.Build.0 = Debug|Any CPU
		{B96CFACC-E625-4221-B297-B51AD43029D3}.Release|Any CPU.ActiveCfg = Release|Any CPU
		{B96CFACC-E625-4221-B297-B51AD43029D3}.Release|Any CPU.Build.0 = Release|Any CPU
		{CEBE179E-4154-4C66-82F3-64F72C0262E8}.Debug|Any CPU.ActiveCfg = Debug|Any CPU
		{CEBE179E-4154-4C66-82F3-64F72C0262E8}.Debug|Any CPU.Build.0 = Debug|Any CPU
		{CEBE179E-4154-4C66-82F3-64F72C0262E8}.Release|Any CPU.ActiveCfg = Release|Any CPU
		{CEBE179E-4154-4C66-82F3-64F72C0262E8}.Release|Any CPU.Build.0 = Release|Any CPU
		{0BDC44C2-822D-4EE1-8325-2A1561F7F356}.Debug|Any CPU.ActiveCfg = Debug|Any CPU
		{0BDC44C2-822D-4EE1-8325-2A1561F7F356}.Debug|Any CPU.Build.0 = Debug|Any CPU
		{0BDC44C2-822D-4EE1-8325-2A1561F7F356}.Release|Any CPU.ActiveCfg = Release|Any CPU
		{0BDC44C2-822D-4EE1-8325-2A1561F7F356}.Release|Any CPU.Build.0 = Release|Any CPU
		{08024CA4-0795-4152-BF0B-1D8390743432}.Debug|Any CPU.ActiveCfg = Debug|Any CPU
		{08024CA4-0795-4152-BF0B-1D8390743432}.Debug|Any CPU.Build.0 = Debug|Any CPU
		{08024CA4-0795-4152-BF0B-1D8390743432}.Release|Any CPU.ActiveCfg = Release|Any CPU
		{08024CA4-0795-4152-BF0B-1D8390743432}.Release|Any CPU.Build.0 = Release|Any CPU
		{A391B67C-E6C2-4C48-B788-5E9BBBB9B811}.Debug|Any CPU.ActiveCfg = Debug|Any CPU
		{A391B67C-E6C2-4C48-B788-5E9BBBB9B811}.Debug|Any CPU.Build.0 = Debug|Any CPU
		{A391B67C-E6C2-4C48-B788-5E9BBBB9B811}.Release|Any CPU.ActiveCfg = Release|Any CPU
		{A391B67C-E6C2-4C48-B788-5E9BBBB9B811}.Release|Any CPU.Build.0 = Release|Any CPU
		{27E53D51-D492-4356-A782-29453CC8BC76}.Debug|Any CPU.ActiveCfg = Debug|Any CPU
		{27E53D51-D492-4356-A782-29453CC8BC76}.Debug|Any CPU.Build.0 = Debug|Any CPU
		{27E53D51-D492-4356-A782-29453CC8BC76}.Release|Any CPU.ActiveCfg = Release|Any CPU
		{27E53D51-D492-4356-A782-29453CC8BC76}.Release|Any CPU.Build.0 = Release|Any CPU
		{AE81D059-CB0D-4634-B5E3-A8C981157F20}.Debug|Any CPU.ActiveCfg = Debug|Any CPU
		{AE81D059-CB0D-4634-B5E3-A8C981157F20}.Debug|Any CPU.Build.0 = Debug|Any CPU
		{AE81D059-CB0D-4634-B5E3-A8C981157F20}.Release|Any CPU.ActiveCfg = Release|Any CPU
		{AE81D059-CB0D-4634-B5E3-A8C981157F20}.Release|Any CPU.Build.0 = Release|Any CPU
		{7A22775A-BEAE-468C-9DD1-D8753A4FBFE1}.Debug|Any CPU.ActiveCfg = Debug|Any CPU
		{7A22775A-BEAE-468C-9DD1-D8753A4FBFE1}.Debug|Any CPU.Build.0 = Debug|Any CPU
		{7A22775A-BEAE-468C-9DD1-D8753A4FBFE1}.Release|Any CPU.ActiveCfg = Release|Any CPU
		{7A22775A-BEAE-468C-9DD1-D8753A4FBFE1}.Release|Any CPU.Build.0 = Release|Any CPU
		{54298F31-9BFD-460A-90D9-D3CD84DA31F4}.Debug|Any CPU.ActiveCfg = Debug|Any CPU
		{54298F31-9BFD-460A-90D9-D3CD84DA31F4}.Debug|Any CPU.Build.0 = Debug|Any CPU
		{54298F31-9BFD-460A-90D9-D3CD84DA31F4}.Release|Any CPU.ActiveCfg = Release|Any CPU
		{54298F31-9BFD-460A-90D9-D3CD84DA31F4}.Release|Any CPU.Build.0 = Release|Any CPU
		{0163A8A4-FD7C-4943-B47D-72DB77F19F24}.Debug|Any CPU.ActiveCfg = Debug|Any CPU
		{0163A8A4-FD7C-4943-B47D-72DB77F19F24}.Debug|Any CPU.Build.0 = Debug|Any CPU
		{0163A8A4-FD7C-4943-B47D-72DB77F19F24}.Release|Any CPU.ActiveCfg = Release|Any CPU
		{0163A8A4-FD7C-4943-B47D-72DB77F19F24}.Release|Any CPU.Build.0 = Release|Any CPU
		{E37B8E88-825C-46A5-AA63-FA26625F1366}.Debug|Any CPU.ActiveCfg = Debug|Any CPU
		{E37B8E88-825C-46A5-AA63-FA26625F1366}.Debug|Any CPU.Build.0 = Debug|Any CPU
		{E37B8E88-825C-46A5-AA63-FA26625F1366}.Release|Any CPU.ActiveCfg = Release|Any CPU
		{E37B8E88-825C-46A5-AA63-FA26625F1366}.Release|Any CPU.Build.0 = Release|Any CPU
		{84E09413-ED31-449D-85D5-08A9EC2935FA}.Debug|Any CPU.ActiveCfg = Debug|Any CPU
		{84E09413-ED31-449D-85D5-08A9EC2935FA}.Debug|Any CPU.Build.0 = Debug|Any CPU
		{84E09413-ED31-449D-85D5-08A9EC2935FA}.Release|Any CPU.ActiveCfg = Release|Any CPU
		{84E09413-ED31-449D-85D5-08A9EC2935FA}.Release|Any CPU.Build.0 = Release|Any CPU
		{42CEFC3D-CDEF-47D6-949A-4053DE1DE164}.Debug|Any CPU.ActiveCfg = Debug|Any CPU
		{42CEFC3D-CDEF-47D6-949A-4053DE1DE164}.Debug|Any CPU.Build.0 = Debug|Any CPU
		{42CEFC3D-CDEF-47D6-949A-4053DE1DE164}.Release|Any CPU.ActiveCfg = Release|Any CPU
		{42CEFC3D-CDEF-47D6-949A-4053DE1DE164}.Release|Any CPU.Build.0 = Release|Any CPU
	EndGlobalSection
	GlobalSection(SolutionProperties) = preSolution
		HideSolutionNode = FALSE
	EndGlobalSection
	GlobalSection(NestedProjects) = preSolution
		{AE81D059-CB0D-4634-B5E3-A8C981157F20} = {1A702DA9-65E5-419D-8256-6F27CDB8AFA2}
		{7A22775A-BEAE-468C-9DD1-D8753A4FBFE1} = {9EFD19A0-069C-4D7E-8C9C-7BA286D4D39F}
		{54298F31-9BFD-460A-90D9-D3CD84DA31F4} = {9EFD19A0-069C-4D7E-8C9C-7BA286D4D39F}
		{0163A8A4-FD7C-4943-B47D-72DB77F19F24} = {5FDB6314-9B65-489F-8054-A9120C01B558}
		{5FDB6314-9B65-489F-8054-A9120C01B558} = {A9A1ABA2-36CD-45F3-904A-E9AA2067780A}
		{E37B8E88-825C-46A5-AA63-FA26625F1366} = {5FDB6314-9B65-489F-8054-A9120C01B558}
		{228A4AA7-691F-42C7-94FD-009C3EAABE1E} = {A9A1ABA2-36CD-45F3-904A-E9AA2067780A}
		{84E09413-ED31-449D-85D5-08A9EC2935FA} = {228A4AA7-691F-42C7-94FD-009C3EAABE1E}
		{42CEFC3D-CDEF-47D6-949A-4053DE1DE164} = {228A4AA7-691F-42C7-94FD-009C3EAABE1E}
	EndGlobalSection
	GlobalSection(ExtensibilityGlobals) = postSolution
		SolutionGuid = {BB30A224-ECCB-456C-A4A0-54BA591BB09E}
	EndGlobalSection
EndGlobal
